# This file was autogenerated by Stack.
# You should not edit this file by hand.
# For more information, please see the documentation at:
#   https://docs.haskellstack.org/en/stable/topics/lock_files

packages:
- completed:
    hackage: vty-6.4@sha256:c9af372bb98c02072bfec25eba566ce37f46f886a2dc46d735547f5c9e56f264,3426
    pantry-tree:
      sha256: 34956d89a0f545ebe40e45954160000dbabb8a384efb89d3f8cc21a358638a2e
      size: 2104
  original:
    hackage: vty-6.4
snapshots:
- completed:
    sha256: 1b4c2669e26fa828451830ed4725e4d406acc25a1fa24fcc039465dd13d7a575
    size: 714100
    url: https://raw.githubusercontent.com/commercialhaskell/stackage-snapshots/master/lts/22/6.yaml
  original: lts-22.6
